
Microsoft Visual Studio Solution File, Format Version 12.00
# Visual Studio 2013
VisualStudioVersion = 12.0.31101.0
MinimumVisualStudioVersion = 10.0.40219.1
Project("{FAE04EC0-301F-11D3-BF4B-00C04F79EFBC}") = "Monitoring", "Monitoring.csproj", "{18853A2F-0C65-4719-960B-C63F51D43FD6}"
EndProject
Project("{FAE04EC0-301F-11D3-BF4B-00C04F79EFBC}") = "Common", "..\ConnectionLibrary\Common.csproj", "{CAA7EB7F-4CA8-4A0F-A3C0-0DA99182CE43}"
EndProject
Project("{FAE04EC0-301F-11D3-BF4B-00C04F79EFBC}") = "MonitoringTests", "MonitoringTests\MonitoringTests.csproj", "{BBC72941-16FB-431D-8AFC-C2FB5ABC6ADC}"
EndProject
Global
	GlobalSection(SolutionConfigurationPlatforms) = preSolution
		Debug|Any CPU = Debug|Any CPU
		MONITOR|Any CPU = MONITOR|Any CPU
		MONITORING|Any CPU = MONITORING|Any CPU
		Release|Any CPU = Release|Any CPU
	EndGlobalSection
	GlobalSection(ProjectConfigurationPlatforms) = postSolution
		{18853A2F-0C65-4719-960B-C63F51D43FD6}.Debug|Any CPU.ActiveCfg = Debug|Any CPU
		{18853A2F-0C65-4719-960B-C63F51D43FD6}.Debug|Any CPU.Build.0 = Debug|Any CPU
		{18853A2F-0C65-4719-960B-C63F51D43FD6}.MONITOR|Any CPU.ActiveCfg = MONITOR|Any CPU
		{18853A2F-0C65-4719-960B-C63F51D43FD6}.MONITOR|Any CPU.Build.0 = MONITOR|Any CPU
		{18853A2F-0C65-4719-960B-C63F51D43FD6}.MONITORING|Any CPU.ActiveCfg = MONITORING|Any CPU
		{18853A2F-0C65-4719-960B-C63F51D43FD6}.MONITORING|Any CPU.Build.0 = MONITORING|Any CPU
		{18853A2F-0C65-4719-960B-C63F51D43FD6}.Release|Any CPU.ActiveCfg = Release|Any CPU
		{18853A2F-0C65-4719-960B-C63F51D43FD6}.Release|Any CPU.Build.0 = Release|Any CPU
		{CAA7EB7F-4CA8-4A0F-A3C0-0DA99182CE43}.Debug|Any CPU.ActiveCfg = Debug|Any CPU
		{CAA7EB7F-4CA8-4A0F-A3C0-0DA99182CE43}.Debug|Any CPU.Build.0 = Debug|Any CPU
		{CAA7EB7F-4CA8-4A0F-A3C0-0DA99182CE43}.MONITOR|Any CPU.ActiveCfg = MONITOR|Any CPU
		{CAA7EB7F-4CA8-4A0F-A3C0-0DA99182CE43}.MONITOR|Any CPU.Build.0 = MONITOR|Any CPU
		{CAA7EB7F-4CA8-4A0F-A3C0-0DA99182CE43}.MONITORING|Any CPU.ActiveCfg = MONITORING|Any CPU
		{CAA7EB7F-4CA8-4A0F-A3C0-0DA99182CE43}.MONITORING|Any CPU.Build.0 = MONITORING|Any CPU
		{CAA7EB7F-4CA8-4A0F-A3C0-0DA99182CE43}.Release|Any CPU.ActiveCfg = Release|Any CPU
		{CAA7EB7F-4CA8-4A0F-A3C0-0DA99182CE43}.Release|Any CPU.Build.0 = Release|Any CPU
		{BBC72941-16FB-431D-8AFC-C2FB5ABC6ADC}.Debug|Any CPU.ActiveCfg = Debug|Any CPU
		{BBC72941-16FB-431D-8AFC-C2FB5ABC6ADC}.Debug|Any CPU.Build.0 = Debug|Any CPU
		{BBC72941-16FB-431D-8AFC-C2FB5ABC6ADC}.MONITOR|Any CPU.ActiveCfg = Release|Any CPU
		{BBC72941-16FB-431D-8AFC-C2FB5ABC6ADC}.MONITOR|Any CPU.Build.0 = Release|Any CPU
		{BBC72941-16FB-431D-8AFC-C2FB5ABC6ADC}.MONITORING|Any CPU.ActiveCfg = Release|Any CPU
		{BBC72941-16FB-431D-8AFC-C2FB5ABC6ADC}.MONITORING|Any CPU.Build.0 = Release|Any CPU
		{BBC72941-16FB-431D-8AFC-C2FB5ABC6ADC}.Release|Any CPU.ActiveCfg = Release|Any CPU
		{BBC72941-16FB-431D-8AFC-C2FB5ABC6ADC}.Release|Any CPU.Build.0 = Release|Any CPU
	EndGlobalSection
	GlobalSection(SolutionProperties) = preSolution
		HideSolutionNode = FALSE
	EndGlobalSection
EndGlobal
